
Microsoft Visual Studio Solution File, Format Version 12.00
# Visual Studio Version 16
VisualStudioVersion = 16.0.30309.148
MinimumVisualStudioVersion = 15.0.26124.0
Project("{9A19103F-16F7-4668-BE54-9A1E7A4F7556}") = "CsvFileReaderAndWriter", "CsvFileReaderAndWriter\CsvFileReaderAndWriter.csproj", "{D37E3A8E-FA5C-43DF-A2AE-EC0AD2203788}"
EndProject
Project("{9A19103F-16F7-4668-BE54-9A1E7A4F7556}") = "CsvFileReaderAndWriter.Test", "CsvFileReaderAndWriter.Test\CsvFileReaderAndWriter.Test.csproj", "{F7274952-E605-4AE9-BBA5-418EC00382D2}"
EndProject
Project("{9A19103F-16F7-4668-BE54-9A1E7A4F7556}") = "AlertSystem", "AlertSystem\AlertSystem.csproj", "{11D294F3-59FD-4AC6-9122-81A3213060F7}"
EndProject
Project("{9A19103F-16F7-4668-BE54-9A1E7A4F7556}") = "AlertSystem.Test", "AlertSystem.Test\AlertSystem.Test.csproj", "{10F7670D-AB4A-4B85-8F80-0625D4A249C2}"
EndProject
Project("{FAE04EC0-301F-11D3-BF4B-00C04F79EFBC}") = "MonitoringSensor", "MonitoringSensor\MonitoringSensor.csproj", "{C6DBFE53-FE34-49E6-9D9B-B2F66109021F}"
EndProject
Global
	GlobalSection(SolutionConfigurationPlatforms) = preSolution
		Debug|Any CPU = Debug|Any CPU
		Debug|x64 = Debug|x64
		Debug|x86 = Debug|x86
		Release|Any CPU = Release|Any CPU
		Release|x64 = Release|x64
		Release|x86 = Release|x86
	EndGlobalSection
	GlobalSection(ProjectConfigurationPlatforms) = postSolution
		{D37E3A8E-FA5C-43DF-A2AE-EC0AD2203788}.Debug|Any CPU.ActiveCfg = Debug|Any CPU
		{D37E3A8E-FA5C-43DF-A2AE-EC0AD2203788}.Debug|Any CPU.Build.0 = Debug|Any CPU
		{D37E3A8E-FA5C-43DF-A2AE-EC0AD2203788}.Debug|x64.ActiveCfg = Debug|Any CPU
		{D37E3A8E-FA5C-43DF-A2AE-EC0AD2203788}.Debug|x64.Build.0 = Debug|Any CPU
		{D37E3A8E-FA5C-43DF-A2AE-EC0AD2203788}.Debug|x86.ActiveCfg = Debug|Any CPU
		{D37E3A8E-FA5C-43DF-A2AE-EC0AD2203788}.Debug|x86.Build.0 = Debug|Any CPU
		{D37E3A8E-FA5C-43DF-A2AE-EC0AD2203788}.Release|Any CPU.ActiveCfg = Release|Any CPU
		{D37E3A8E-FA5C-43DF-A2AE-EC0AD2203788}.Release|Any CPU.Build.0 = Release|Any CPU
		{D37E3A8E-FA5C-43DF-A2AE-EC0AD2203788}.Release|x64.ActiveCfg = Release|Any CPU
		{D37E3A8E-FA5C-43DF-A2AE-EC0AD2203788}.Release|x64.Build.0 = Release|Any CPU
		{D37E3A8E-FA5C-43DF-A2AE-EC0AD2203788}.Release|x86.ActiveCfg = Release|Any CPU
		{D37E3A8E-FA5C-43DF-A2AE-EC0AD2203788}.Release|x86.Build.0 = Release|Any CPU
		{F7274952-E605-4AE9-BBA5-418EC00382D2}.Debug|Any CPU.ActiveCfg = Debug|Any CPU
		{F7274952-E605-4AE9-BBA5-418EC00382D2}.Debug|Any CPU.Build.0 = Debug|Any CPU
		{F7274952-E605-4AE9-BBA5-418EC00382D2}.Debug|x64.ActiveCfg = Debug|Any CPU
		{F7274952-E605-4AE9-BBA5-418EC00382D2}.Debug|x64.Build.0 = Debug|Any CPU
		{F7274952-E605-4AE9-BBA5-418EC00382D2}.Debug|x86.ActiveCfg = Debug|Any CPU
		{F7274952-E605-4AE9-BBA5-418EC00382D2}.Debug|x86.Build.0 = Debug|Any CPU
		{F7274952-E605-4AE9-BBA5-418EC00382D2}.Release|Any CPU.ActiveCfg = Release|Any CPU
		{F7274952-E605-4AE9-BBA5-418EC00382D2}.Release|Any CPU.Build.0 = Release|Any CPU
		{F7274952-E605-4AE9-BBA5-418EC00382D2}.Release|x64.ActiveCfg = Release|Any CPU
		{F7274952-E605-4AE9-BBA5-418EC00382D2}.Release|x64.Build.0 = Release|Any CPU
		{F7274952-E605-4AE9-BBA5-418EC00382D2}.Release|x86.ActiveCfg = Release|Any CPU
		{F7274952-E605-4AE9-BBA5-418EC00382D2}.Release|x86.Build.0 = Release|Any CPU
		{11D294F3-59FD-4AC6-9122-81A3213060F7}.Debug|Any CPU.ActiveCfg = Debug|Any CPU
		{11D294F3-59FD-4AC6-9122-81A3213060F7}.Debug|Any CPU.Build.0 = Debug|Any CPU
		{11D294F3-59FD-4AC6-9122-81A3213060F7}.Debug|x64.ActiveCfg = Debug|Any CPU
		{11D294F3-59FD-4AC6-9122-81A3213060F7}.Debug|x64.Build.0 = Debug|Any CPU
		{11D294F3-59FD-4AC6-9122-81A3213060F7}.Debug|x86.ActiveCfg = Debug|Any CPU
		{11D294F3-59FD-4AC6-9122-81A3213060F7}.Debug|x86.Build.0 = Debug|Any CPU
		{11D294F3-59FD-4AC6-9122-81A3213060F7}.Release|Any CPU.ActiveCfg = Release|Any CPU
		{11D294F3-59FD-4AC6-9122-81A3213060F7}.Release|Any CPU.Build.0 = Release|Any CPU
		{11D294F3-59FD-4AC6-9122-81A3213060F7}.Release|x64.ActiveCfg = Release|Any CPU
		{11D294F3-59FD-4AC6-9122-81A3213060F7}.Release|x64.Build.0 = Release|Any CPU
		{11D294F3-59FD-4AC6-9122-81A3213060F7}.Release|x86.ActiveCfg = Release|Any CPU
		{11D294F3-59FD-4AC6-9122-81A3213060F7}.Release|x86.Build.0 = Release|Any CPU
		{10F7670D-AB4A-4B85-8F80-0625D4A249C2}.Debug|Any CPU.ActiveCfg = Debug|Any CPU
		{10F7670D-AB4A-4B85-8F80-0625D4A249C2}.Debug|Any CPU.Build.0 = Debug|Any CPU
		{10F7670D-AB4A-4B85-8F80-0625D4A249C2}.Debug|x64.ActiveCfg = Debug|Any CPU
		{10F7670D-AB4A-4B85-8F80-0625D4A249C2}.Debug|x64.Build.0 = Debug|Any CPU
		{10F7670D-AB4A-4B85-8F80-0625D4A249C2}.Debug|x86.ActiveCfg = Debug|Any CPU
		{10F7670D-AB4A-4B85-8F80-0625D4A249C2}.Debug|x86.Build.0 = Debug|Any CPU
		{10F7670D-AB4A-4B85-8F80-0625D4A249C2}.Release|Any CPU.ActiveCfg = Release|Any CPU
		{10F7670D-AB4A-4B85-8F80-0625D4A249C2}.Release|Any CPU.Build.0 = Release|Any CPU
		{10F7670D-AB4A-4B85-8F80-0625D4A249C2}.Release|x64.ActiveCfg = Release|Any CPU
		{10F7670D-AB4A-4B85-8F80-0625D4A249C2}.Release|x64.Build.0 = Release|Any CPU
		{10F7670D-AB4A-4B85-8F80-0625D4A249C2}.Release|x86.ActiveCfg = Release|Any CPU
		{10F7670D-AB4A-4B85-8F80-0625D4A249C2}.Release|x86.Build.0 = Release|Any CPU
		{C6DBFE53-FE34-49E6-9D9B-B2F66109021F}.Debug|Any CPU.ActiveCfg = Debug|Any CPU
		{C6DBFE53-FE34-49E6-9D9B-B2F66109021F}.Debug|Any CPU.Build.0 = Debug|Any CPU
		{C6DBFE53-FE34-49E6-9D9B-B2F66109021F}.Debug|x64.ActiveCfg = Debug|Any CPU
		{C6DBFE53-FE34-49E6-9D9B-B2F66109021F}.Debug|x64.Build.0 = Debug|Any CPU
		{C6DBFE53-FE34-49E6-9D9B-B2F66109021F}.Debug|x86.ActiveCfg = Debug|Any CPU
		{C6DBFE53-FE34-49E6-9D9B-B2F66109021F}.Debug|x86.Build.0 = Debug|Any CPU
		{C6DBFE53-FE34-49E6-9D9B-B2F66109021F}.Release|Any CPU.ActiveCfg = Release|Any CPU
		{C6DBFE53-FE34-49E6-9D9B-B2F66109021F}.Release|Any CPU.Build.0 = Release|Any CPU
		{C6DBFE53-FE34-49E6-9D9B-B2F66109021F}.Release|x64.ActiveCfg = Release|Any CPU
		{C6DBFE53-FE34-49E6-9D9B-B2F66109021F}.Release|x64.Build.0 = Release|Any CPU
		{C6DBFE53-FE34-49E6-9D9B-B2F66109021F}.Release|x86.ActiveCfg = Release|Any CPU
		{C6DBFE53-FE34-49E6-9D9B-B2F66109021F}.Release|x86.Build.0 = Release|Any CPU
	EndGlobalSection
	GlobalSection(SolutionProperties) = preSolution
		HideSolutionNode = FALSE
	EndGlobalSection
	GlobalSection(ExtensibilityGlobals) = postSolution
		SolutionGuid = {A93D1C7B-A2CB-4F80-BF06-D09883934DB3}
	EndGlobalSection
EndGlobal
