
Microsoft Visual Studio Solution File, Format Version 12.00
# Visual Studio Version 16
VisualStudioVersion = 16.0.30309.148
MinimumVisualStudioVersion = 10.0.40219.1
Project("{FAE04EC0-301F-11D3-BF4B-00C04F79EFBC}") = "CsvFileReaderAndWriter", "CsvFileReaderAndWriter\CsvFileReaderAndWriter.csproj", "{5BB25113-18A5-45F8-B63E-A8F9916F227B}"
EndProject
Project("{FAE04EC0-301F-11D3-BF4B-00C04F79EFBC}") = "CsvFileReaderAndWriter.Test", "CsvFileReaderAndWriter.Test\CsvFileReaderAndWriter.Test.csproj", "{749DD60E-61C4-42A9-B524-BF1E9F2CFA4B}"
EndProject
Global
	GlobalSection(SolutionConfigurationPlatforms) = preSolution
		Debug|Any CPU = Debug|Any CPU
		Release|Any CPU = Release|Any CPU
	EndGlobalSection
	GlobalSection(ProjectConfigurationPlatforms) = postSolution
		{5BB25113-18A5-45F8-B63E-A8F9916F227B}.Debug|Any CPU.ActiveCfg = Debug|Any CPU
		{5BB25113-18A5-45F8-B63E-A8F9916F227B}.Debug|Any CPU.Build.0 = Debug|Any CPU
		{5BB25113-18A5-45F8-B63E-A8F9916F227B}.Release|Any CPU.ActiveCfg = Release|Any CPU
		{5BB25113-18A5-45F8-B63E-A8F9916F227B}.Release|Any CPU.Build.0 = Release|Any CPU
		{749DD60E-61C4-42A9-B524-BF1E9F2CFA4B}.Debug|Any CPU.ActiveCfg = Debug|Any CPU
		{749DD60E-61C4-42A9-B524-BF1E9F2CFA4B}.Debug|Any CPU.Build.0 = Debug|Any CPU
		{749DD60E-61C4-42A9-B524-BF1E9F2CFA4B}.Release|Any CPU.ActiveCfg = Release|Any CPU
		{749DD60E-61C4-42A9-B524-BF1E9F2CFA4B}.Release|Any CPU.Build.0 = Release|Any CPU
	EndGlobalSection
	GlobalSection(SolutionProperties) = preSolution
		HideSolutionNode = FALSE
	EndGlobalSection
	GlobalSection(ExtensibilityGlobals) = postSolution
		SolutionGuid = {676A9036-EB99-46F3-8FAF-DAA3A246EA73}
	EndGlobalSection
EndGlobal
